
Microsoft Visual Studio Solution File, Format Version 12.00
# Visual Studio Version 17
VisualStudioVersion = 17.14.36127.28 d17.14
MinimumVisualStudioVersion = 10.0.40219.1
Project("{FAE04EC0-301F-11D3-BF4B-00C04F79EFBC}") = "Task_Tracker", "Task_Tracker\Task_Tracker.csproj", "{808619D7-5941-4B33-B1B9-2E79685DF8A7}"
EndProject
Global
	GlobalSection(SolutionConfigurationPlatforms) = preSolution
		Debug|Any CPU = Debug|Any CPU
		Release|Any CPU = Release|Any CPU
	EndGlobalSection
	GlobalSection(ProjectConfigurationPlatforms) = postSolution
		{808619D7-5941-4B33-B1B9-2E79685DF8A7}.Debug|Any CPU.ActiveCfg = Debug|Any CPU
		{808619D7-5941-4B33-B1B9-2E79685DF8A7}.Debug|Any CPU.Build.0 = Debug|Any CPU
		{808619D7-5941-4B33-B1B9-2E79685DF8A7}.Release|Any CPU.ActiveCfg = Release|Any CPU
		{808619D7-5941-4B33-B1B9-2E79685DF8A7}.Release|Any CPU.Build.0 = Release|Any CPU
	EndGlobalSection
	GlobalSection(SolutionProperties) = preSolution
		HideSolutionNode = FALSE
	EndGlobalSection
	GlobalSection(ExtensibilityGlobals) = postSolution
		SolutionGuid = {54217A1E-C953-4B17-A81B-79264B16FACA}
	EndGlobalSection
EndGlobal
